<?xml version="1.0" encoding="utf-8"?>
<Project ToolsVersion="4.0" xmlns="http://schemas.microsoft.com/developer/msbuild/2003">
  <ItemGroup>
    <Filter Include="Source Files">
      <UniqueIdentifier>{4FC737F1-C7A5-4376-A066-2A32D752A2FF}</UniqueIdentifier>
      <Extensions>cpp;c;cc;cxx;def;odl;idl;hpj;bat;asm;asmx</Extensions>
    </Filter>
    <Filter Include="Header Files">
      <UniqueIdentifier>{93995380-89BD-4b04-88EB-625FBE52EBFB}</UniqueIdentifier>
      <Extensions>h;hh;hpp;hxx;hm;inl;inc;xsd</Extensions>
    </Filter>
    <Filter Include="Resource Files">
      <UniqueIdentifier>{67DA6AB6-F800-4c08-8B7A-83BB121AAD01}</UniqueIdentifier>
      <Extensions>rc;ico;cur;bmp;dlg;rc2;rct;bin;rgs;gif;jpg;jpeg;jpe;resx;tiff;tif;png;wav;mfcribbon-ms</Extensions>
    </Filter>
  </ItemGroup>
  <ItemGroup>
    <Text Include="ReadMe.txt" />
  </ItemGroup>
  <ItemGroup>
    <ClInclude Include="stdafx.h">
      <Filter>Header Files</Filter>
    </ClInclude>
    <ClInclude Include="targetver.h">
      <Filter>Header Files</Filter>
    </ClInclude>
    <ClInclude Include="SQLiteSummaries.h">
      <Filter>Header Files</Filter>
    </ClInclude>
    <ClInclude Include="PBFilter.h">
      <Filter>Header Files</Filter>
    </ClInclude>
    <ClInclude Include="pacbiocommon.h">
      <Filter>Header Files</Filter>
    </ClInclude>
    <ClInclude Include="PacBioUtility.h">
      <Filter>Header Files</Filter>
    </ClInclude>
    <ClInclude Include="AssembGraph.h">
      <Filter>Header Files</Filter>
    </ClInclude>
    <ClInclude Include="PBErrCorrect.h">
      <Filter>Header Files</Filter>
    </ClInclude>
    <ClInclude Include="SSW.h">
      <Filter>Header Files</Filter>
    </ClInclude>
    <ClInclude Include="SeqStore.h">
      <Filter>Header Files</Filter>
    </ClInclude>
    <ClInclude Include="PBAssemb.h">
      <Filter>Header Files</Filter>
    </ClInclude>
    <ClInclude Include="PBECContigs.h">
      <Filter>Header Files</Filter>
    </ClInclude>
    <ClInclude Include="MAConsensus.h">
      <Filter>Header Files</Filter>
    </ClInclude>
    <ClInclude Include="SWAlign.h">
      <Filter>Header Files</Filter>
    </ClInclude>
    <ClInclude Include="BKScommon.h">
      <Filter>Header Files</Filter>
    </ClInclude>
    <ClInclude Include="BKSProvider.h">
      <Filter>Header Files</Filter>
    </ClInclude>
    <ClInclude Include="BKSRequester.h">
      <Filter>Header Files</Filter>
    </ClInclude>
    <ClInclude Include="PBSWService.h">
      <Filter>Header Files</Filter>
    </ClInclude>
    <ClInclude Include="MAFKMerDist.h">
      <Filter>Header Files</Filter>
    </ClInclude>
    <ClInclude Include="pacbiokit4b.h">
      <Filter>Header Files</Filter>
    </ClInclude>
  </ItemGroup>
  <ItemGroup>
    <ClCompile Include="stdafx.cpp">
      <Filter>Source Files</Filter>
    </ClCompile>
    <ClCompile Include="SQLiteSummaries.cpp">
      <Filter>Source Files</Filter>
    </ClCompile>
    <ClCompile Include="PBFilter.cpp">
      <Filter>Source Files</Filter>
    </ClCompile>
    <ClCompile Include="PacBioUtility.cpp">
      <Filter>Source Files</Filter>
    </ClCompile>
    <ClCompile Include="AssembGraph.cpp">
      <Filter>Source Files</Filter>
    </ClCompile>
    <ClCompile Include="PBErrCorrect.cpp">
      <Filter>Source Files</Filter>
    </ClCompile>
    <ClCompile Include="SSW.cpp">
      <Filter>Source Files</Filter>
    </ClCompile>
    <ClCompile Include="SeqStore.cpp">
      <Filter>Source Files</Filter>
    </ClCompile>
    <ClCompile Include="PBAssemb.cpp">
      <Filter>Source Files</Filter>
    </ClCompile>
    <ClCompile Include="PBECContigs.cpp">
      <Filter>Source Files</Filter>
    </ClCompile>
    <ClCompile Include="MAConsensus.cpp">
      <Filter>Source Files</Filter>
    </ClCompile>
    <ClCompile Include="SWAlign.cpp">
      <Filter>Source Files</Filter>
    </ClCompile>
    <ClCompile Include="BKSProvider.cpp">
      <Filter>Source Files</Filter>
    </ClCompile>
    <ClCompile Include="BKSRequester.cpp">
      <Filter>Source Files</Filter>
    </ClCompile>
    <ClCompile Include="PBSWService.cpp">
      <Filter>Source Files</Filter>
    </ClCompile>
    <ClCompile Include="MAFKMerDist.cpp">
      <Filter>Source Files</Filter>
    </ClCompile>
    <ClCompile Include="pacbiokit4b.cpp">
      <Filter>Source Files</Filter>
    </ClCompile>
  </ItemGroup>
</Project>