<?xml version="1.0" encoding="utf-8"?>
<Project ToolsVersion="4.0" xmlns="http://schemas.microsoft.com/developer/msbuild/2003">
  <ItemGroup>
    <Filter Include="Source Files">
      <UniqueIdentifier>{4FC737F1-C7A5-4376-A066-2A32D752A2FF}</UniqueIdentifier>
      <Extensions>cpp;c;cc;cxx;def;odl;idl;hpj;bat;asm;asmx</Extensions>
    </Filter>
    <Filter Include="Header Files">
      <UniqueIdentifier>{93995380-89BD-4b04-88EB-625FBE52EBFB}</UniqueIdentifier>
      <Extensions>h;hpp;hxx;hm;inl;inc;xsd</Extensions>
    </Filter>
    <Filter Include="Resource Files">
      <UniqueIdentifier>{67DA6AB6-F800-4c08-8B7A-83BB121AAD01}</UniqueIdentifier>
      <Extensions>rc;ico;cur;bmp;dlg;rc2;rct;bin;rgs;gif;jpg;jpeg;jpe;resx;tiff;tif;png;wav;mfcribbon-ms</Extensions>
    </Filter>
  </ItemGroup>
  <ItemGroup>
    <ClInclude Include="stdafx.h">
      <Filter>Header Files</Filter>
    </ClInclude>
    <ClInclude Include="AssembGraph.h">
      <Filter>Header Files</Filter>
    </ClInclude>
    <ClInclude Include="Markers.h">
      <Filter>Header Files</Filter>
    </ClInclude>
    <ClInclude Include="SQLiteMarkers.h">
      <Filter>Header Files</Filter>
    </ClInclude>
    <ClInclude Include="SQLiteDE.h">
      <Filter>Header Files</Filter>
    </ClInclude>
    <ClInclude Include="LocKMers.h">
      <Filter>Header Files</Filter>
    </ClInclude>
    <ClInclude Include="SQLiteSummaries.h">
      <Filter>Header Files</Filter>
    </ClInclude>
    <ClInclude Include="MarkerSeq.h">
      <Filter>Header Files</Filter>
    </ClInclude>
    <ClInclude Include="SNPLoci.h">
      <Filter>Header Files</Filter>
    </ClInclude>
    <ClInclude Include="MarkerKMers.h">
      <Filter>Header Files</Filter>
    </ClInclude>
    <ClInclude Include="PEScaffold.h">
      <Filter>Header Files</Filter>
    </ClInclude>
    <ClInclude Include="SSRdiscovery.h">
      <Filter>Header Files</Filter>
    </ClInclude>
    <ClInclude Include="MergeReadPairs.h">
      <Filter>Header Files</Filter>
    </ClInclude>
    <ClInclude Include="Scaffolder.h">
      <Filter>Header Files</Filter>
    </ClInclude>
    <ClInclude Include="deNovoAssemb.h">
      <Filter>Header Files</Filter>
    </ClInclude>
    <ClInclude Include="ArtefactReduce.h">
      <Filter>Header Files</Filter>
    </ClInclude>
    <ClInclude Include="ReadStats.h">
      <Filter>Header Files</Filter>
    </ClInclude>
    <ClInclude Include="SimReads.h">
      <Filter>Header Files</Filter>
    </ClInclude>
    <ClInclude Include="SQLitePSL.h">
      <Filter>Header Files</Filter>
    </ClInclude>
    <ClInclude Include="FastaNxx.h">
      <Filter>Header Files</Filter>
    </ClInclude>
    <ClInclude Include="Blitz.h">
      <Filter>Header Files</Filter>
    </ClInclude>
    <ClInclude Include="RemapLoci.h">
      <Filter>Header Files</Filter>
    </ClInclude>
    <ClInclude Include="MapLoci2Feat.h">
      <Filter>Header Files</Filter>
    </ClInclude>
    <ClInclude Include="FilterSAMAlignments.h">
      <Filter>Header Files</Filter>
    </ClInclude>
    <ClInclude Include="AlignsBootstrap.h">
      <Filter>Header Files</Filter>
    </ClInclude>
    <ClInclude Include="LocateROI.h">
      <Filter>Header Files</Filter>
    </ClInclude>
    <ClInclude Include="genhyperconserved.h">
      <Filter>Header Files</Filter>
    </ClInclude>
    <ClInclude Include="KAligner.h">
      <Filter>Header Files</Filter>
    </ClInclude>
    <ClInclude Include="kit4bdna.h">
      <Filter>Header Files</Filter>
    </ClInclude>
    <ClInclude Include="ngskit4b.h">
      <Filter>Header Files</Filter>
    </ClInclude>
  </ItemGroup>
  <ItemGroup>
    <ClCompile Include="stdafx.cpp">
      <Filter>Source Files</Filter>
    </ClCompile>
    <ClCompile Include="AssembGraph.cpp">
      <Filter>Source Files</Filter>
    </ClCompile>
    <ClCompile Include="Markers.cpp">
      <Filter>Source Files</Filter>
    </ClCompile>
    <ClCompile Include="SQLiteMarkers.cpp">
      <Filter>Source Files</Filter>
    </ClCompile>
    <ClCompile Include="csv2sqlite.cpp">
      <Filter>Source Files</Filter>
    </ClCompile>
    <ClCompile Include="SQLiteDE.cpp">
      <Filter>Source Files</Filter>
    </ClCompile>
    <ClCompile Include="LocKMers.cpp">
      <Filter>Source Files</Filter>
    </ClCompile>
    <ClCompile Include="gensnpmarkers.cpp">
      <Filter>Source Files</Filter>
    </ClCompile>
    <ClCompile Include="genkmarkers.cpp">
      <Filter>Source Files</Filter>
    </ClCompile>
    <ClCompile Include="genpseudogenome.cpp">
      <Filter>Source Files</Filter>
    </ClCompile>
    <ClCompile Include="maploci2features.cpp">
      <Filter>Source Files</Filter>
    </ClCompile>
    <ClCompile Include="SQLiteSummaries.cpp">
      <Filter>Source Files</Filter>
    </ClCompile>
    <ClCompile Include="genDESeq.cpp">
      <Filter>Source Files</Filter>
    </ClCompile>
    <ClCompile Include="MarkerSeq.cpp">
      <Filter>Source Files</Filter>
    </ClCompile>
    <ClCompile Include="genmarkerseq.cpp">
      <Filter>Source Files</Filter>
    </ClCompile>
    <ClCompile Include="SNPLoci.cpp">
      <Filter>Source Files</Filter>
    </ClCompile>
    <ClCompile Include="kmermarkers.cpp">
      <Filter>Source Files</Filter>
    </ClCompile>
    <ClCompile Include="MarkerKMers.cpp">
      <Filter>Source Files</Filter>
    </ClCompile>
    <ClCompile Include="PEScaffold.cpp">
      <Filter>Source Files</Filter>
    </ClCompile>
    <ClCompile Include="SSRdiscovery.cpp">
      <Filter>Source Files</Filter>
    </ClCompile>
    <ClCompile Include="fastaextract.cpp">
      <Filter>Source Files</Filter>
    </ClCompile>
    <ClCompile Include="mergeoverlaps.cpp">
      <Filter>Source Files</Filter>
    </ClCompile>
    <ClCompile Include="MergeReadPairs.cpp">
      <Filter>Source Files</Filter>
    </ClCompile>
    <ClCompile Include="Scaffolder.cpp">
      <Filter>Source Files</Filter>
    </ClCompile>
    <ClCompile Include="deNovoAssemb.cpp">
      <Filter>Source Files</Filter>
    </ClCompile>
    <ClCompile Include="ArtefactReduce.cpp">
      <Filter>Source Files</Filter>
    </ClCompile>
    <ClCompile Include="ReadStats.cpp">
      <Filter>Source Files</Filter>
    </ClCompile>
    <ClCompile Include="Assemble.cpp">
      <Filter>Source Files</Filter>
    </ClCompile>
    <ClCompile Include="SimReads.cpp">
      <Filter>Source Files</Filter>
    </ClCompile>
    <ClCompile Include="SQLitePSL.cpp">
      <Filter>Source Files</Filter>
    </ClCompile>
    <ClCompile Include="psl2sqlite.cpp">
      <Filter>Source Files</Filter>
    </ClCompile>
    <ClCompile Include="FastaNxx.cpp">
      <Filter>Source Files</Filter>
    </ClCompile>
    <ClCompile Include="Blitz.cpp">
      <Filter>Source Files</Filter>
    </ClCompile>
    <ClCompile Include="LocateROI.cpp">
      <Filter>Source Files</Filter>
    </ClCompile>
    <ClCompile Include="RemapLoci.cpp">
      <Filter>Source Files</Filter>
    </ClCompile>
    <ClCompile Include="MapLoci2Feat.cpp">
      <Filter>Source Files</Filter>
    </ClCompile>
    <ClCompile Include="FilterSAMAlignments.cpp">
      <Filter>Source Files</Filter>
    </ClCompile>
    <ClCompile Include="AlignsBootstrap.cpp">
      <Filter>Source Files</Filter>
    </ClCompile>
    <ClCompile Include="genhyperconserved.cpp">
      <Filter>Source Files</Filter>
    </ClCompile>
    <ClCompile Include="KAligner.cpp">
      <Filter>Source Files</Filter>
    </ClCompile>
    <ClCompile Include="KAlignerCL.cpp">
      <Filter>Source Files</Filter>
    </ClCompile>
    <ClCompile Include="genbiobed.cpp">
      <Filter>Source Files</Filter>
    </ClCompile>
    <ClCompile Include="genbioseq.cpp">
      <Filter>Source Files</Filter>
    </ClCompile>
    <ClCompile Include="gengoassoc.cpp">
      <Filter>Source Files</Filter>
    </ClCompile>
    <ClCompile Include="gengoterms.cpp">
      <Filter>Source Files</Filter>
    </ClCompile>
    <ClCompile Include="goassoc.cpp">
      <Filter>Source Files</Filter>
    </ClCompile>
    <ClCompile Include="hammings.cpp">
      <Filter>Source Files</Filter>
    </ClCompile>
    <ClCompile Include="kit4bax.cpp">
      <Filter>Source Files</Filter>
    </ClCompile>
    <ClCompile Include="kit4bdna.cpp">
      <Filter>Source Files</Filter>
    </ClCompile>
    <ClCompile Include="rnade.cpp">
      <Filter>Source Files</Filter>
    </ClCompile>
    <ClCompile Include="fasta2bed.cpp">
      <Filter>Source Files</Filter>
    </ClCompile>
    <ClCompile Include="ngskit4b.cpp">
      <Filter>Source Files</Filter>
    </ClCompile>
  </ItemGroup>
</Project>